// !$*UTF8*$!
{
	archiveVersion = 1;
	classes = {
	};
	objectVersion = 56;
	objects = {

/* Begin PBXBuildFile section */
		0E5718C0807E06F67CA5CCB0 /* PresetGridView.swift in Sources */ = {isa = PBXBuildFile; fileRef = CEBBDEEDB060842ABA5B6735 /* PresetGridView.swift */; };
		13BCE6A1B057362A71D9047E /* PhotoLibraryService.swift in Sources */ = {isa = PBXBuildFile; fileRef = BC9F515D40A563F788348AD1 /* PhotoLibraryService.swift */; };
		29BC25AF7446B8810F7B31C1 /* FilterPreset.swift in Sources */ = {isa = PBXBuildFile; fileRef = 7DDF80977A4F5AED1D02D616 /* FilterPreset.swift */; };
		2B7E9B06F6EE87AFF17A2197 /* ImagePreviewView.swift in Sources */ = {isa = PBXBuildFile; fileRef = 65D85D0F652FEF3B63F2D724 /* ImagePreviewView.swift */; };
		342D5194508073E6699F4062 /* ColorExtension.swift in Sources */ = {isa = PBXBuildFile; fileRef = EC00CE2941ED29EFAE28D3F8 /* ColorExtension.swift */; };
		3F62CA28C541DCAEC8698A52 /* ExportSheet.swift in Sources */ = {isa = PBXBuildFile; fileRef = FB96FD9B88185888576BA7DC /* ExportSheet.swift */; };
		46BF1CC765816B7AF0A6511E /* Photos.framework in Frameworks */ = {isa = PBXBuildFile; fileRef = 9AC8C9A5E6B67576FC17B434 /* Photos.framework */; };
		4DB1DF7A6F41D38DCF26EC89 /* BloomShader.metal in Sources */ = {isa = PBXBuildFile; fileRef = 5599A90FD0ADDDDAF7FA2F7E /* BloomShader.metal */; };
		5EC23F350999D782E6F4F6B7 /* AVFoundation.framework in Frameworks */ = {isa = PBXBuildFile; fileRef = 0FB2C3542684B1CDBDA33992 /* AVFoundation.framework */; };
		609CA2A2D09050E965E7892C /* PhotosUI.framework in Frameworks */ = {isa = PBXBuildFile; fileRef = 35A4E3790B27FD0888DBF00B /* PhotosUI.framework */; };
		65F1F24465C7A64641D8D29B /* Metal.framework in Frameworks */ = {isa = PBXBuildFile; fileRef = E500C087AA366E851D8242A4 /* Metal.framework */; };
		67598F686BBA39C3675C7309 /* EffectType.swift in Sources */ = {isa = PBXBuildFile; fileRef = 4472A85E4776C5B3081E6F27 /* EffectType.swift */; };
		8069BD72C3F990DB2BD0F690 /* AdjustmentPanelView.swift in Sources */ = {isa = PBXBuildFile; fileRef = 98CF72719CECEAAD38260AB6 /* AdjustmentPanelView.swift */; };
		858CD9935ED3458DF35DBC3D /* CameraService.swift in Sources */ = {isa = PBXBuildFile; fileRef = 8390987642994CDC66477B0D /* CameraService.swift */; };
		8D4FE323D8F8CFC075A4A442 /* CoreImage.framework in Frameworks */ = {isa = PBXBuildFile; fileRef = 786E358EDBA949DFA7409C13 /* CoreImage.framework */; };
		987C3D52488B5A6C68C936C5 /* CaptureButtonView.swift in Sources */ = {isa = PBXBuildFile; fileRef = 97CF9C27BBE59D67E458ED87 /* CaptureButtonView.swift */; };
		9AB3423F90809A0ED20BD646 /* MetalKit.framework in Frameworks */ = {isa = PBXBuildFile; fileRef = D0C0C18FD1C342A3DAEF5033 /* MetalKit.framework */; };
		9C1B5E31AA8CDF35E65C730D /* EffectsPanelView.swift in Sources */ = {isa = PBXBuildFile; fileRef = 4809EB16ABE2A6CA7B5FC772 /* EffectsPanelView.swift */; };
/* CameraPresetStripView removed — replaced by PresetGridView in half-sheet */
		A3612E3E1D70C965DF59CDF2 /* PhotoEditorViewModel.swift in Sources */ = {isa = PBXBuildFile; fileRef = 25D91AC38F5665E6214C1ACA /* PhotoEditorViewModel.swift */; };
		C4B0898695F49241A3ED00B8 /* MainEditorView.swift in Sources */ = {isa = PBXBuildFile; fileRef = 4721D0094164679B583AA88F /* MainEditorView.swift */; };
		CEE5B94F7E147A1A0A5E2001 /* CropView.swift in Sources */ = {isa = PBXBuildFile; fileRef = 5D91AECEF9AA91E4CB36F597 /* CropView.swift */; };
		D039B9434B85F691608582BC /* GrainShader.metal in Sources */ = {isa = PBXBuildFile; fileRef = 5C549E27111B7DF1B1E2D672 /* GrainShader.metal */; };
		D09E69FA2103D4E1E57CCC13 /* ToolBarView.swift in Sources */ = {isa = PBXBuildFile; fileRef = 212CFF362D57F821DA1547D8 /* ToolBarView.swift */; };
		D210E3E55BB8571E9A17BB4D /* FoticoApp.swift in Sources */ = {isa = PBXBuildFile; fileRef = D3C2496338EBADD2A8CCBF4A /* FoticoApp.swift */; };
		D38AC5EB13F1A7637DBEA3BA /* LightLeakShader.metal in Sources */ = {isa = PBXBuildFile; fileRef = 35EB6A0D4837D48F86251373 /* LightLeakShader.metal */; };
		D9F4877CD35FF4299EDBAA4A /* Assets.xcassets in Resources */ = {isa = PBXBuildFile; fileRef = 1558C1C11DE01745C37E65F4 /* Assets.xcassets */; };
		E358AC8A1AE458B80230507D /* CameraViewModel.swift in Sources */ = {isa = PBXBuildFile; fileRef = 696854199B0343E679E72511 /* CameraViewModel.swift */; };
		E5DDC17F8E58FA3F654113EC /* ImageExtensions.swift in Sources */ = {isa = PBXBuildFile; fileRef = 123525D54C77139F019ED046 /* ImageExtensions.swift */; };
		E804466147F1D1CBE7A14E92 /* MetalKernelService.swift in Sources */ = {isa = PBXBuildFile; fileRef = 4AF6182A7989512164360ECE /* MetalKernelService.swift */; };
		E9242C63150F2D94A87C3DF3 /* DebounceModifier.swift in Sources */ = {isa = PBXBuildFile; fileRef = 62DCA5619748BF7D5302F470 /* DebounceModifier.swift */; };
		F3D6E43451011130F2B024ED /* EditState.swift in Sources */ = {isa = PBXBuildFile; fileRef = A2305F7EBB877817426CACC9 /* EditState.swift */; };
		F537B69E8A7220763FB3EBFF /* CameraView.swift in Sources */ = {isa = PBXBuildFile; fileRef = 39A8F513701A08A996998038 /* CameraView.swift */; };
		F55FF2C77EA92AFD33724ED8 /* ImageFilterService.swift in Sources */ = {isa = PBXBuildFile; fileRef = FDE77CC2D7DA2B378FDE452C /* ImageFilterService.swift */; };
		F56657F9BE138D29001162C4 /* HapticManager.swift in Sources */ = {isa = PBXBuildFile; fileRef = 320E8FDD1018D987BF801EE1 /* HapticManager.swift */; };
		DD4455667788990011223344 /* MetalImageView.swift in Sources */ = {isa = PBXBuildFile; fileRef = BB2233445566778899001122 /* MetalImageView.swift */; };
		CC3344556677889900112233 /* RenderEngine.swift in Sources */ = {isa = PBXBuildFile; fileRef = AA1122334455667788990011 /* RenderEngine.swift */; };
		946C800D895BCDBB08A2F1B9 /* UserProfile.swift in Sources */ = {isa = PBXBuildFile; fileRef = B58B54E4FB56F2F3879D8618 /* UserProfile.swift */; };
		629CEB9CA2A6D419B03B1E27 /* PhotoProject.swift in Sources */ = {isa = PBXBuildFile; fileRef = C79F8A05334E010FA8ACC149 /* PhotoProject.swift */; };
		0BFF22DCBB6322A98E9724D5 /* SavedEdit.swift in Sources */ = {isa = PBXBuildFile; fileRef = EED50138006F3BCB7AB68693 /* SavedEdit.swift */; };
		630CE8F20C1EB13F5445AEAF /* OverlayAsset.swift in Sources */ = {isa = PBXBuildFile; fileRef = 02781196ED8C1299B1360FF8 /* OverlayAsset.swift */; };
		AA11BB22CC33DD44EE55FF66 /* HomeTabView.swift in Sources */ = {isa = PBXBuildFile; fileRef = 11AA22BB33CC44DD55EE66FF /* HomeTabView.swift */; };
		BB22CC33DD44EE55FF660011 /* CameraLaunchView.swift in Sources */ = {isa = PBXBuildFile; fileRef = 22BB33CC44DD55EE66FF0011 /* CameraLaunchView.swift */; };
		CC33DD44EE55FF66001122AA /* ProjectsGridView.swift in Sources */ = {isa = PBXBuildFile; fileRef = 33CC44DD55EE66FF001122AA /* ProjectsGridView.swift */; };
		DD44EE55FF6600112233AABB /* ProfileView.swift in Sources */ = {isa = PBXBuildFile; fileRef = 44DD55EE66FF001122AA33BB /* ProfileView.swift */; };
		3B8E62D1A9C0F74589ABCDEF /* LUTService.swift in Sources */ = {isa = PBXBuildFile; fileRef = 7A3F91B2C8D4E5F601234567 /* LUTService.swift */; };
		EE66FF00112233AABB44CC55 /* PremiumBadge.swift in Sources */ = {isa = PBXBuildFile; fileRef = FF77001122334455AABB6688 /* PremiumBadge.swift */; };
		B2C3D4E5F6071819AABBCCDD /* ProjectStorageService.swift in Sources */ = {isa = PBXBuildFile; fileRef = A1B2C3D4E5F6071819AABBCC /* ProjectStorageService.swift */; };
		D4E5F6071819AABBCCDDEEFF /* ProjectsViewModel.swift in Sources */ = {isa = PBXBuildFile; fileRef = C3D4E5F6071819AABBCCDDEE /* ProjectsViewModel.swift */; };
		F1A2B3C4D5E6071800000001 /* AuthService.swift in Sources */ = {isa = PBXBuildFile; fileRef = F1A2B3C4D5E6071800000002 /* AuthService.swift */; };
		F1A2B3C4D5E6071800000003 /* LoginView.swift in Sources */ = {isa = PBXBuildFile; fileRef = F1A2B3C4D5E6071800000004 /* LoginView.swift */; };
		A0B1C2D3E4F5061728394A5B /* OverlayPanelView.swift in Sources */ = {isa = PBXBuildFile; fileRef = B0C1D2E3F4050617283940AB /* OverlayPanelView.swift */; };
		AA00BB11CC22DD33EE44FF55 /* SubscriptionService.swift in Sources */ = {isa = PBXBuildFile; fileRef = AA00BB11CC22DD33EE44FF56 /* SubscriptionService.swift */; };
		BB11CC22DD33EE44FF550066 /* PaywallView.swift in Sources */ = {isa = PBXBuildFile; fileRef = BB11CC22DD33EE44FF550067 /* PaywallView.swift */; };
		CC22DD33EE44FF5500661177 /* EditClipboard.swift in Sources */ = {isa = PBXBuildFile; fileRef = CC22DD33EE44FF5500661178 /* EditClipboard.swift */; };
		DD33EE44FF550066117722AA /* OnboardingView.swift in Sources */ = {isa = PBXBuildFile; fileRef = DD33EE44FF550066117722AB /* OnboardingView.swift */; };
		LB0012BBBBBBBBBBBBBBBB /* algodon.cube in Resources */ = {isa = PBXBuildFile; fileRef = LR0012AAAAAAAAAAAAAAAA /* algodon.cube */; };
		LB0013BBBBBBBBBBBBBBBB /* brisa.cube in Resources */ = {isa = PBXBuildFile; fileRef = LR0013AAAAAAAAAAAAAAAA /* brisa.cube */; };
		LB0002BBBBBBBBBBBBBBBB /* canela.cube in Resources */ = {isa = PBXBuildFile; fileRef = LR0002AAAAAAAAAAAAAAAA /* canela.cube */; };
		LB0026BBBBBBBBBBBBBBBB /* carbon.cube in Resources */ = {isa = PBXBuildFile; fileRef = LR0026AAAAAAAAAAAAAAAA /* carbon.cube */; };
		LB0000BBBBBBBBBBBBBBBB /* dorado.cube in Resources */ = {isa = PBXBuildFile; fileRef = LR0000AAAAAAAAAAAAAAAA /* dorado.cube */; };
		LB0015BBBBBBBBBBBBBBBB /* fuji_400h.cube in Resources */ = {isa = PBXBuildFile; fileRef = LR0015AAAAAAAAAAAAAAAA /* fuji_400h.cube */; };
		LB0020BBBBBBBBBBBBBBBB /* glam.cube in Resources */ = {isa = PBXBuildFile; fileRef = LR0020AAAAAAAAAAAAAAAA /* glam.cube */; };
		LB0014BBBBBBBBBBBBBBBB /* kodak_gold.cube in Resources */ = {isa = PBXBuildFile; fileRef = LR0014AAAAAAAAAAAAAAAA /* kodak_gold.cube */; };
		LB0022BBBBBBBBBBBBBBBB /* nostalgia.cube in Resources */ = {isa = PBXBuildFile; fileRef = LR0022AAAAAAAAAAAAAAAA /* nostalgia.cube */; };
		LB0011BBBBBBBBBBBBBBBB /* nube.cube in Resources */ = {isa = PBXBuildFile; fileRef = LR0011AAAAAAAAAAAAAAAA /* nube.cube */; };
		LB0010BBBBBBBBBBBBBBBB /* petalo.cube in Resources */ = {isa = PBXBuildFile; fileRef = LR0010AAAAAAAAAAAAAAAA /* petalo.cube */; };
		LB0016BBBBBBBBBBBBBBBB /* polaroid.cube in Resources */ = {isa = PBXBuildFile; fileRef = LR0016AAAAAAAAAAAAAAAA /* polaroid.cube */; };
		LB0028BBBBBBBBBBBBBBBB /* portra.cube in Resources */ = {isa = PBXBuildFile; fileRef = LR0028AAAAAAAAAAAAAAAA /* portra.cube */; };
		LB0027BBBBBBBBBBBBBBBB /* seda.cube in Resources */ = {isa = PBXBuildFile; fileRef = LR0027AAAAAAAAAAAAAAAA /* seda.cube */; };
		LB0017BBBBBBBBBBBBBBBB /* super8.cube in Resources */ = {isa = PBXBuildFile; fileRef = LR0017AAAAAAAAAAAAAAAA /* super8.cube */; };
		LB0025BBBBBBBBBBBBBBBB /* vhs.cube in Resources */ = {isa = PBXBuildFile; fileRef = LR0025AAAAAAAAAAAAAAAA /* vhs.cube */; };
		LB0030BBBBBBBBBBBBBBBB /* blush.cube in Resources */ = {isa = PBXBuildFile; fileRef = LR0030AAAAAAAAAAAAAAAA /* blush.cube */; };
		LB0031BBBBBBBBBBBBBBBB /* butter.cube in Resources */ = {isa = PBXBuildFile; fileRef = LR0031AAAAAAAAAAAAAAAA /* butter.cube */; };
		LB0032BBBBBBBBBBBBBBBB /* cloud.cube in Resources */ = {isa = PBXBuildFile; fileRef = LR0032AAAAAAAAAAAAAAAA /* cloud.cube */; };
		LB0033BBBBBBBBBBBBBBBB /* cocoa.cube in Resources */ = {isa = PBXBuildFile; fileRef = LR0033AAAAAAAAAAAAAAAA /* cocoa.cube */; };
		LB0034BBBBBBBBBBBBBBBB /* disposable.cube in Resources */ = {isa = PBXBuildFile; fileRef = LR0034AAAAAAAAAAAAAAAA /* disposable.cube */; };
		LB0035BBBBBBBBBBBBBBBB /* goldie.cube in Resources */ = {isa = PBXBuildFile; fileRef = LR0035AAAAAAAAAAAAAAAA /* goldie.cube */; };
		LB0036BBBBBBBBBBBBBBBB /* honey.cube in Resources */ = {isa = PBXBuildFile; fileRef = LR0036AAAAAAAAAAAAAAAA /* honey.cube */; };
		LB0037BBBBBBBBBBBBBBBB /* latte.cube in Resources */ = {isa = PBXBuildFile; fileRef = LR0037AAAAAAAAAAAAAAAA /* latte.cube */; };
		LB0038BBBBBBBBBBBBBBBB /* peach.cube in Resources */ = {isa = PBXBuildFile; fileRef = LR0038AAAAAAAAAAAAAAAA /* peach.cube */; };
		LB0039BBBBBBBBBBBBBBBB /* throwback.cube in Resources */ = {isa = PBXBuildFile; fileRef = LR0039AAAAAAAAAAAAAAAA /* throwback.cube */; };
/* End PBXBuildFile section */

/* Begin PBXFileReference section */
		0FB2C3542684B1CDBDA33992 /* AVFoundation.framework */ = {isa = PBXFileReference; lastKnownFileType = wrapper.framework; name = AVFoundation.framework; path = System/Library/Frameworks/AVFoundation.framework; sourceTree = SDKROOT; };
		123525D54C77139F019ED046 /* ImageExtensions.swift */ = {isa = PBXFileReference; lastKnownFileType = sourcecode.swift; path = ImageExtensions.swift; sourceTree = "<group>"; };
		1558C1C11DE01745C37E65F4 /* Assets.xcassets */ = {isa = PBXFileReference; lastKnownFileType = folder.assetcatalog; path = Assets.xcassets; sourceTree = "<group>"; };
		212CFF362D57F821DA1547D8 /* ToolBarView.swift */ = {isa = PBXFileReference; lastKnownFileType = sourcecode.swift; path = ToolBarView.swift; sourceTree = "<group>"; };
		25D91AC38F5665E6214C1ACA /* PhotoEditorViewModel.swift */ = {isa = PBXFileReference; lastKnownFileType = sourcecode.swift; path = PhotoEditorViewModel.swift; sourceTree = "<group>"; };
		320E8FDD1018D987BF801EE1 /* HapticManager.swift */ = {isa = PBXFileReference; lastKnownFileType = sourcecode.swift; path = HapticManager.swift; sourceTree = "<group>"; };
		35A4E3790B27FD0888DBF00B /* PhotosUI.framework */ = {isa = PBXFileReference; lastKnownFileType = wrapper.framework; name = PhotosUI.framework; path = System/Library/Frameworks/PhotosUI.framework; sourceTree = SDKROOT; };
		35EB6A0D4837D48F86251373 /* LightLeakShader.metal */ = {isa = PBXFileReference; lastKnownFileType = sourcecode.metal; path = LightLeakShader.metal; sourceTree = "<group>"; };
		39A8F513701A08A996998038 /* CameraView.swift */ = {isa = PBXFileReference; lastKnownFileType = sourcecode.swift; path = CameraView.swift; sourceTree = "<group>"; };
		4472A85E4776C5B3081E6F27 /* EffectType.swift */ = {isa = PBXFileReference; lastKnownFileType = sourcecode.swift; path = EffectType.swift; sourceTree = "<group>"; };
		4721D0094164679B583AA88F /* MainEditorView.swift */ = {isa = PBXFileReference; lastKnownFileType = sourcecode.swift; path = MainEditorView.swift; sourceTree = "<group>"; };
		4809EB16ABE2A6CA7B5FC772 /* EffectsPanelView.swift */ = {isa = PBXFileReference; lastKnownFileType = sourcecode.swift; path = EffectsPanelView.swift; sourceTree = "<group>"; };
		4AF6182A7989512164360ECE /* MetalKernelService.swift */ = {isa = PBXFileReference; lastKnownFileType = sourcecode.swift; path = MetalKernelService.swift; sourceTree = "<group>"; };
		5599A90FD0ADDDDAF7FA2F7E /* BloomShader.metal */ = {isa = PBXFileReference; lastKnownFileType = sourcecode.metal; path = BloomShader.metal; sourceTree = "<group>"; };
		5C549E27111B7DF1B1E2D672 /* GrainShader.metal */ = {isa = PBXFileReference; lastKnownFileType = sourcecode.metal; path = GrainShader.metal; sourceTree = "<group>"; };
		5D91AECEF9AA91E4CB36F597 /* CropView.swift */ = {isa = PBXFileReference; lastKnownFileType = sourcecode.swift; path = CropView.swift; sourceTree = "<group>"; };
		62DCA5619748BF7D5302F470 /* DebounceModifier.swift */ = {isa = PBXFileReference; lastKnownFileType = sourcecode.swift; path = DebounceModifier.swift; sourceTree = "<group>"; };
		65D85D0F652FEF3B63F2D724 /* ImagePreviewView.swift */ = {isa = PBXFileReference; lastKnownFileType = sourcecode.swift; path = ImagePreviewView.swift; sourceTree = "<group>"; };
		696854199B0343E679E72511 /* CameraViewModel.swift */ = {isa = PBXFileReference; lastKnownFileType = sourcecode.swift; path = CameraViewModel.swift; sourceTree = "<group>"; };
		786E358EDBA949DFA7409C13 /* CoreImage.framework */ = {isa = PBXFileReference; lastKnownFileType = wrapper.framework; name = CoreImage.framework; path = System/Library/Frameworks/CoreImage.framework; sourceTree = SDKROOT; };
		7DDF80977A4F5AED1D02D616 /* FilterPreset.swift */ = {isa = PBXFileReference; lastKnownFileType = sourcecode.swift; path = FilterPreset.swift; sourceTree = "<group>"; };
		8390987642994CDC66477B0D /* CameraService.swift */ = {isa = PBXFileReference; lastKnownFileType = sourcecode.swift; path = CameraService.swift; sourceTree = "<group>"; };
		97CF9C27BBE59D67E458ED87 /* CaptureButtonView.swift */ = {isa = PBXFileReference; lastKnownFileType = sourcecode.swift; path = CaptureButtonView.swift; sourceTree = "<group>"; };
		98CF72719CECEAAD38260AB6 /* AdjustmentPanelView.swift */ = {isa = PBXFileReference; lastKnownFileType = sourcecode.swift; path = AdjustmentPanelView.swift; sourceTree = "<group>"; };
		9AC8C9A5E6B67576FC17B434 /* Photos.framework */ = {isa = PBXFileReference; lastKnownFileType = wrapper.framework; name = Photos.framework; path = System/Library/Frameworks/Photos.framework; sourceTree = SDKROOT; };
		A2305F7EBB877817426CACC9 /* EditState.swift */ = {isa = PBXFileReference; lastKnownFileType = sourcecode.swift; path = EditState.swift; sourceTree = "<group>"; };
		B287D1FD97A4514851E0168C /* Fotico.app */ = {isa = PBXFileReference; explicitFileType = wrapper.application; includeInIndex = 0; path = Fotico.app; sourceTree = BUILT_PRODUCTS_DIR; };
/* CameraPresetStripView.swift removed */
		BC9F515D40A563F788348AD1 /* PhotoLibraryService.swift */ = {isa = PBXFileReference; lastKnownFileType = sourcecode.swift; path = PhotoLibraryService.swift; sourceTree = "<group>"; };
		CEBBDEEDB060842ABA5B6735 /* PresetGridView.swift */ = {isa = PBXFileReference; lastKnownFileType = sourcecode.swift; path = PresetGridView.swift; sourceTree = "<group>"; };
		D0C0C18FD1C342A3DAEF5033 /* MetalKit.framework */ = {isa = PBXFileReference; lastKnownFileType = wrapper.framework; name = MetalKit.framework; path = System/Library/Frameworks/MetalKit.framework; sourceTree = SDKROOT; };
		D3C2496338EBADD2A8CCBF4A /* FoticoApp.swift */ = {isa = PBXFileReference; lastKnownFileType = sourcecode.swift; path = FoticoApp.swift; sourceTree = "<group>"; };
		E500C087AA366E851D8242A4 /* Metal.framework */ = {isa = PBXFileReference; lastKnownFileType = wrapper.framework; name = Metal.framework; path = System/Library/Frameworks/Metal.framework; sourceTree = SDKROOT; };
		EC00CE2941ED29EFAE28D3F8 /* ColorExtension.swift */ = {isa = PBXFileReference; lastKnownFileType = sourcecode.swift; path = ColorExtension.swift; sourceTree = "<group>"; };
		FB96FD9B88185888576BA7DC /* ExportSheet.swift */ = {isa = PBXFileReference; lastKnownFileType = sourcecode.swift; path = ExportSheet.swift; sourceTree = "<group>"; };
		FDE77CC2D7DA2B378FDE452C /* ImageFilterService.swift */ = {isa = PBXFileReference; lastKnownFileType = sourcecode.swift; path = ImageFilterService.swift; sourceTree = "<group>"; };
		BB2233445566778899001122 /* MetalImageView.swift */ = {isa = PBXFileReference; lastKnownFileType = sourcecode.swift; path = MetalImageView.swift; sourceTree = "<group>"; };
		AA1122334455667788990011 /* RenderEngine.swift */ = {isa = PBXFileReference; lastKnownFileType = sourcecode.swift; path = RenderEngine.swift; sourceTree = "<group>"; };
		B58B54E4FB56F2F3879D8618 /* UserProfile.swift */ = {isa = PBXFileReference; lastKnownFileType = sourcecode.swift; path = UserProfile.swift; sourceTree = "<group>"; };
		C79F8A05334E010FA8ACC149 /* PhotoProject.swift */ = {isa = PBXFileReference; lastKnownFileType = sourcecode.swift; path = PhotoProject.swift; sourceTree = "<group>"; };
		EED50138006F3BCB7AB68693 /* SavedEdit.swift */ = {isa = PBXFileReference; lastKnownFileType = sourcecode.swift; path = SavedEdit.swift; sourceTree = "<group>"; };
		02781196ED8C1299B1360FF8 /* OverlayAsset.swift */ = {isa = PBXFileReference; lastKnownFileType = sourcecode.swift; path = OverlayAsset.swift; sourceTree = "<group>"; };
		11AA22BB33CC44DD55EE66FF /* HomeTabView.swift */ = {isa = PBXFileReference; lastKnownFileType = sourcecode.swift; path = HomeTabView.swift; sourceTree = "<group>"; };
		22BB33CC44DD55EE66FF0011 /* CameraLaunchView.swift */ = {isa = PBXFileReference; lastKnownFileType = sourcecode.swift; path = CameraLaunchView.swift; sourceTree = "<group>"; };
		33CC44DD55EE66FF001122AA /* ProjectsGridView.swift */ = {isa = PBXFileReference; lastKnownFileType = sourcecode.swift; path = ProjectsGridView.swift; sourceTree = "<group>"; };
		44DD55EE66FF001122AA33BB /* ProfileView.swift */ = {isa = PBXFileReference; lastKnownFileType = sourcecode.swift; path = ProfileView.swift; sourceTree = "<group>"; };
		7A3F91B2C8D4E5F601234567 /* LUTService.swift */ = {isa = PBXFileReference; lastKnownFileType = sourcecode.swift; path = LUTService.swift; sourceTree = "<group>"; };
		FF77001122334455AABB6688 /* PremiumBadge.swift */ = {isa = PBXFileReference; lastKnownFileType = sourcecode.swift; path = PremiumBadge.swift; sourceTree = "<group>"; };
		A1B2C3D4E5F6071819AABBCC /* ProjectStorageService.swift */ = {isa = PBXFileReference; lastKnownFileType = sourcecode.swift; path = ProjectStorageService.swift; sourceTree = "<group>"; };
		C3D4E5F6071819AABBCCDDEE /* ProjectsViewModel.swift */ = {isa = PBXFileReference; lastKnownFileType = sourcecode.swift; path = ProjectsViewModel.swift; sourceTree = "<group>"; };
		F1A2B3C4D5E6071800000002 /* AuthService.swift */ = {isa = PBXFileReference; lastKnownFileType = sourcecode.swift; path = AuthService.swift; sourceTree = "<group>"; };
		F1A2B3C4D5E6071800000004 /* LoginView.swift */ = {isa = PBXFileReference; lastKnownFileType = sourcecode.swift; path = LoginView.swift; sourceTree = "<group>"; };
		B0C1D2E3F4050617283940AB /* OverlayPanelView.swift */ = {isa = PBXFileReference; lastKnownFileType = sourcecode.swift; path = OverlayPanelView.swift; sourceTree = "<group>"; };
		AA00BB11CC22DD33EE44FF56 /* SubscriptionService.swift */ = {isa = PBXFileReference; lastKnownFileType = sourcecode.swift; path = SubscriptionService.swift; sourceTree = "<group>"; };
		BB11CC22DD33EE44FF550067 /* PaywallView.swift */ = {isa = PBXFileReference; lastKnownFileType = sourcecode.swift; path = PaywallView.swift; sourceTree = "<group>"; };
		CC22DD33EE44FF5500661178 /* EditClipboard.swift */ = {isa = PBXFileReference; lastKnownFileType = sourcecode.swift; path = EditClipboard.swift; sourceTree = "<group>"; };
		DD33EE44FF550066117722AB /* OnboardingView.swift */ = {isa = PBXFileReference; lastKnownFileType = sourcecode.swift; path = OnboardingView.swift; sourceTree = "<group>"; };
		LR0012AAAAAAAAAAAAAAAA /* algodon.cube */ = {isa = PBXFileReference; lastKnownFileType = text; path = algodon.cube; sourceTree = "<group>"; };
		LR0013AAAAAAAAAAAAAAAA /* brisa.cube */ = {isa = PBXFileReference; lastKnownFileType = text; path = brisa.cube; sourceTree = "<group>"; };
		LR0002AAAAAAAAAAAAAAAA /* canela.cube */ = {isa = PBXFileReference; lastKnownFileType = text; path = canela.cube; sourceTree = "<group>"; };
		LR0026AAAAAAAAAAAAAAAA /* carbon.cube */ = {isa = PBXFileReference; lastKnownFileType = text; path = carbon.cube; sourceTree = "<group>"; };
		LR0000AAAAAAAAAAAAAAAA /* dorado.cube */ = {isa = PBXFileReference; lastKnownFileType = text; path = dorado.cube; sourceTree = "<group>"; };
		LR0015AAAAAAAAAAAAAAAA /* fuji_400h.cube */ = {isa = PBXFileReference; lastKnownFileType = text; path = fuji_400h.cube; sourceTree = "<group>"; };
		LR0020AAAAAAAAAAAAAAAA /* glam.cube */ = {isa = PBXFileReference; lastKnownFileType = text; path = glam.cube; sourceTree = "<group>"; };
		LR0014AAAAAAAAAAAAAAAA /* kodak_gold.cube */ = {isa = PBXFileReference; lastKnownFileType = text; path = kodak_gold.cube; sourceTree = "<group>"; };
		LR0022AAAAAAAAAAAAAAAA /* nostalgia.cube */ = {isa = PBXFileReference; lastKnownFileType = text; path = nostalgia.cube; sourceTree = "<group>"; };
		LR0011AAAAAAAAAAAAAAAA /* nube.cube */ = {isa = PBXFileReference; lastKnownFileType = text; path = nube.cube; sourceTree = "<group>"; };
		LR0010AAAAAAAAAAAAAAAA /* petalo.cube */ = {isa = PBXFileReference; lastKnownFileType = text; path = petalo.cube; sourceTree = "<group>"; };
		LR0016AAAAAAAAAAAAAAAA /* polaroid.cube */ = {isa = PBXFileReference; lastKnownFileType = text; path = polaroid.cube; sourceTree = "<group>"; };
		LR0028AAAAAAAAAAAAAAAA /* portra.cube */ = {isa = PBXFileReference; lastKnownFileType = text; path = portra.cube; sourceTree = "<group>"; };
		LR0027AAAAAAAAAAAAAAAA /* seda.cube */ = {isa = PBXFileReference; lastKnownFileType = text; path = seda.cube; sourceTree = "<group>"; };
		LR0017AAAAAAAAAAAAAAAA /* super8.cube */ = {isa = PBXFileReference; lastKnownFileType = text; path = super8.cube; sourceTree = "<group>"; };
		LR0025AAAAAAAAAAAAAAAA /* vhs.cube */ = {isa = PBXFileReference; lastKnownFileType = text; path = vhs.cube; sourceTree = "<group>"; };
		LR0030AAAAAAAAAAAAAAAA /* blush.cube */ = {isa = PBXFileReference; lastKnownFileType = text; path = blush.cube; sourceTree = "<group>"; };
		LR0031AAAAAAAAAAAAAAAA /* butter.cube */ = {isa = PBXFileReference; lastKnownFileType = text; path = butter.cube; sourceTree = "<group>"; };
		LR0032AAAAAAAAAAAAAAAA /* cloud.cube */ = {isa = PBXFileReference; lastKnownFileType = text; path = cloud.cube; sourceTree = "<group>"; };
		LR0033AAAAAAAAAAAAAAAA /* cocoa.cube */ = {isa = PBXFileReference; lastKnownFileType = text; path = cocoa.cube; sourceTree = "<group>"; };
		LR0034AAAAAAAAAAAAAAAA /* disposable.cube */ = {isa = PBXFileReference; lastKnownFileType = text; path = disposable.cube; sourceTree = "<group>"; };
		LR0035AAAAAAAAAAAAAAAA /* goldie.cube */ = {isa = PBXFileReference; lastKnownFileType = text; path = goldie.cube; sourceTree = "<group>"; };
		LR0036AAAAAAAAAAAAAAAA /* honey.cube */ = {isa = PBXFileReference; lastKnownFileType = text; path = honey.cube; sourceTree = "<group>"; };
		LR0037AAAAAAAAAAAAAAAA /* latte.cube */ = {isa = PBXFileReference; lastKnownFileType = text; path = latte.cube; sourceTree = "<group>"; };
		LR0038AAAAAAAAAAAAAAAA /* peach.cube */ = {isa = PBXFileReference; lastKnownFileType = text; path = peach.cube; sourceTree = "<group>"; };
		LR0039AAAAAAAAAAAAAAAA /* throwback.cube */ = {isa = PBXFileReference; lastKnownFileType = text; path = throwback.cube; sourceTree = "<group>"; };
/* End PBXFileReference section */

/* Begin PBXFrameworksBuildPhase section */
		A5BE4674F23BB45B5998D722 /* Frameworks */ = {
			isa = PBXFrameworksBuildPhase;
			buildActionMask = 2147483647;
			files = (
				65F1F24465C7A64641D8D29B /* Metal.framework in Frameworks */,
				9AB3423F90809A0ED20BD646 /* MetalKit.framework in Frameworks */,
				8D4FE323D8F8CFC075A4A442 /* CoreImage.framework in Frameworks */,
				5EC23F350999D782E6F4F6B7 /* AVFoundation.framework in Frameworks */,
				609CA2A2D09050E965E7892C /* PhotosUI.framework in Frameworks */,
				46BF1CC765816B7AF0A6511E /* Photos.framework in Frameworks */,
			);
			runOnlyForDeploymentPostprocessing = 0;
		};
/* End PBXFrameworksBuildPhase section */

/* Begin PBXGroup section */
		06DCA66DD2C08C5DA0C0AD38 /* Editor */ = {
			isa = PBXGroup;
			children = (
				98CF72719CECEAAD38260AB6 /* AdjustmentPanelView.swift */,
				5D91AECEF9AA91E4CB36F597 /* CropView.swift */,
				4809EB16ABE2A6CA7B5FC772 /* EffectsPanelView.swift */,
				FB96FD9B88185888576BA7DC /* ExportSheet.swift */,
				65D85D0F652FEF3B63F2D724 /* ImagePreviewView.swift */,
				B0C1D2E3F4050617283940AB /* OverlayPanelView.swift */,
				CEBBDEEDB060842ABA5B6735 /* PresetGridView.swift */,
				212CFF362D57F821DA1547D8 /* ToolBarView.swift */,
			);
			path = Editor;
			sourceTree = "<group>";
		};
		09BE55202CD82F7C7DD9E7FB /* Fotico */ = {
			isa = PBXGroup;
			children = (
				8F6FF1698069BFE516AA9AEE /* App */,
				F5B570DBC0E2013470AE34AD /* Models */,
				6F2B08F0B4D509DDEAD709DF /* Services */,
				64656B6D540433B24D768B36 /* Utilities */,
				AD8613FD183C2E210FDBDC50 /* ViewModels */,
				AE4B24465580C2F2F93A7966 /* Views */,
				A7AAC2AEDE1E9E9D82824989 /* Metal */,
				1558C1C11DE01745C37E65F4 /* Assets.xcassets */,
				CAFE00LUT0GRP000000000A /* LUTs */,
			);
			path = Fotico;
			sourceTree = "<group>";
		};
		64656B6D540433B24D768B36 /* Utilities */ = {
			isa = PBXGroup;
			children = (
				EC00CE2941ED29EFAE28D3F8 /* ColorExtension.swift */,
				62DCA5619748BF7D5302F470 /* DebounceModifier.swift */,
				320E8FDD1018D987BF801EE1 /* HapticManager.swift */,
				123525D54C77139F019ED046 /* ImageExtensions.swift */,
			);
			path = Utilities;
			sourceTree = "<group>";
		};
		66778FC70BD838AD14488BF8 /* Products */ = {
			isa = PBXGroup;
			children = (
				B287D1FD97A4514851E0168C /* Fotico.app */,
			);
			name = Products;
			sourceTree = "<group>";
		};
		6F2B08F0B4D509DDEAD709DF /* Services */ = {
			isa = PBXGroup;
			children = (
				FDE77CC2D7DA2B378FDE452C /* ImageFilterService.swift */,
				7A3F91B2C8D4E5F601234567 /* LUTService.swift */,
				4AF6182A7989512164360ECE /* MetalKernelService.swift */,
				BC9F515D40A563F788348AD1 /* PhotoLibraryService.swift */,
				A1B2C3D4E5F6071819AABBCC /* ProjectStorageService.swift */,
				8390987642994CDC66477B0D /* CameraService.swift */,
				AA1122334455667788990011 /* RenderEngine.swift */,
				F1A2B3C4D5E6071800000002 /* AuthService.swift */,
				AA00BB11CC22DD33EE44FF56 /* SubscriptionService.swift */,
				CC22DD33EE44FF5500661178 /* EditClipboard.swift */,
			);
			path = Services;
			sourceTree = "<group>";
		};
		7FE2FA266A9F6B1574CB6A00 /* Camera */ = {
			isa = PBXGroup;
			children = (
				22BB33CC44DD55EE66FF0011 /* CameraLaunchView.swift */,
				39A8F513701A08A996998038 /* CameraView.swift */,
				97CF9C27BBE59D67E458ED87 /* CaptureButtonView.swift */,
			);
			path = Camera;
			sourceTree = "<group>";
		};
		8F6FF1698069BFE516AA9AEE /* App */ = {
			isa = PBXGroup;
			children = (
				D3C2496338EBADD2A8CCBF4A /* FoticoApp.swift */,
			);
			path = App;
			sourceTree = "<group>";
		};
		A19CE42FF9714F640FF6D9B2 = {
			isa = PBXGroup;
			children = (
				09BE55202CD82F7C7DD9E7FB /* Fotico */,
				66778FC70BD838AD14488BF8 /* Products */,
				AE03D6C145BE1A4AA278820D /* Frameworks */,
			);
			sourceTree = "<group>";
		};
		A7AAC2AEDE1E9E9D82824989 /* Metal */ = {
			isa = PBXGroup;
			children = (
				5599A90FD0ADDDDAF7FA2F7E /* BloomShader.metal */,
				5C549E27111B7DF1B1E2D672 /* GrainShader.metal */,
				35EB6A0D4837D48F86251373 /* LightLeakShader.metal */,
			);
			path = Metal;
			sourceTree = "<group>";
		};
		AD8613FD183C2E210FDBDC50 /* ViewModels */ = {
			isa = PBXGroup;
			children = (
				25D91AC38F5665E6214C1ACA /* PhotoEditorViewModel.swift */,
				696854199B0343E679E72511 /* CameraViewModel.swift */,
				C3D4E5F6071819AABBCCDDEE /* ProjectsViewModel.swift */,
			);
			path = ViewModels;
			sourceTree = "<group>";
		};
		AE03D6C145BE1A4AA278820D /* Frameworks */ = {
			isa = PBXGroup;
			children = (
				E500C087AA366E851D8242A4 /* Metal.framework */,
				D0C0C18FD1C342A3DAEF5033 /* MetalKit.framework */,
				786E358EDBA949DFA7409C13 /* CoreImage.framework */,
				0FB2C3542684B1CDBDA33992 /* AVFoundation.framework */,
				35A4E3790B27FD0888DBF00B /* PhotosUI.framework */,
				9AC8C9A5E6B67576FC17B434 /* Photos.framework */,
			);
			name = Frameworks;
			sourceTree = "<group>";
		};
		AE4B24465580C2F2F93A7966 /* Views */ = {
			isa = PBXGroup;
			children = (
				F1A2B3C4D5E6071800000005 /* Auth */,
				7FE2FA266A9F6B1574CB6A00 /* Camera */,
				E5ACFCEC3ACB96323CD936AB /* Components */,
				06DCA66DD2C08C5DA0C0AD38 /* Editor */,
				D6FA556A53ADBB8DB12A467D /* Gallery */,
				EE44FF550066117722AABB33 /* Onboarding */,
				AABB001122334455EEFF6677 /* Profile */,
				BBCC112233445566FFAA7788 /* Projects */,
				11AA22BB33CC44DD55EE66FF /* HomeTabView.swift */,
				4721D0094164679B583AA88F /* MainEditorView.swift */,
			);
			path = Views;
			sourceTree = "<group>";
		};
		AABB001122334455EEFF6677 /* Profile */ = {
			isa = PBXGroup;
			children = (
				44DD55EE66FF001122AA33BB /* ProfileView.swift */,
			);
			path = Profile;
			sourceTree = "<group>";
		};
		BBCC112233445566FFAA7788 /* Projects */ = {
			isa = PBXGroup;
			children = (
				33CC44DD55EE66FF001122AA /* ProjectsGridView.swift */,
			);
			path = Projects;
			sourceTree = "<group>";
		};
		D6FA556A53ADBB8DB12A467D /* Gallery */ = {
			isa = PBXGroup;
			children = (
			);
			path = Gallery;
			sourceTree = "<group>";
		};
		E5ACFCEC3ACB96323CD936AB /* Components */ = {
			isa = PBXGroup;
			children = (
				BB2233445566778899001122 /* MetalImageView.swift */,
				FF77001122334455AABB6688 /* PremiumBadge.swift */,
			);
			path = Components;
			sourceTree = "<group>";
		};
		F5B570DBC0E2013470AE34AD /* Models */ = {
			isa = PBXGroup;
			children = (
				A2305F7EBB877817426CACC9 /* EditState.swift */,
				4472A85E4776C5B3081E6F27 /* EffectType.swift */,
				7DDF80977A4F5AED1D02D616 /* FilterPreset.swift */,
				B58B54E4FB56F2F3879D8618 /* UserProfile.swift */,
				C79F8A05334E010FA8ACC149 /* PhotoProject.swift */,
				EED50138006F3BCB7AB68693 /* SavedEdit.swift */,
				02781196ED8C1299B1360FF8 /* OverlayAsset.swift */,
			);
			path = Models;
			sourceTree = "<group>";
		};
		EE44FF550066117722AABB33 /* Onboarding */ = {
			isa = PBXGroup;
			children = (
				DD33EE44FF550066117722AB /* OnboardingView.swift */,
			);
			path = Onboarding;
			sourceTree = "<group>";
		};
		F1A2B3C4D5E6071800000005 /* Auth */ = {
			isa = PBXGroup;
			children = (
				F1A2B3C4D5E6071800000004 /* LoginView.swift */,
				BB11CC22DD33EE44FF550067 /* PaywallView.swift */,
			);
			path = Auth;
			sourceTree = "<group>";
		};
		CAFE00LUT0GRP000000000A /* LUTs */ = {
			isa = PBXGroup;
			children = (
				LR0012AAAAAAAAAAAAAAAA /* algodon.cube */,
				LR0030AAAAAAAAAAAAAAAA /* blush.cube */,
				LR0013AAAAAAAAAAAAAAAA /* brisa.cube */,
				LR0031AAAAAAAAAAAAAAAA /* butter.cube */,
				LR0002AAAAAAAAAAAAAAAA /* canela.cube */,
				LR0026AAAAAAAAAAAAAAAA /* carbon.cube */,
				LR0032AAAAAAAAAAAAAAAA /* cloud.cube */,
				LR0033AAAAAAAAAAAAAAAA /* cocoa.cube */,
				LR0034AAAAAAAAAAAAAAAA /* disposable.cube */,
				LR0000AAAAAAAAAAAAAAAA /* dorado.cube */,
				LR0015AAAAAAAAAAAAAAAA /* fuji_400h.cube */,
				LR0035AAAAAAAAAAAAAAAA /* goldie.cube */,
				LR0020AAAAAAAAAAAAAAAA /* glam.cube */,
				LR0036AAAAAAAAAAAAAAAA /* honey.cube */,
				LR0014AAAAAAAAAAAAAAAA /* kodak_gold.cube */,
				LR0037AAAAAAAAAAAAAAAA /* latte.cube */,
				LR0022AAAAAAAAAAAAAAAA /* nostalgia.cube */,
				LR0011AAAAAAAAAAAAAAAA /* nube.cube */,
				LR0038AAAAAAAAAAAAAAAA /* peach.cube */,
				LR0010AAAAAAAAAAAAAAAA /* petalo.cube */,
				LR0016AAAAAAAAAAAAAAAA /* polaroid.cube */,
				LR0028AAAAAAAAAAAAAAAA /* portra.cube */,
				LR0027AAAAAAAAAAAAAAAA /* seda.cube */,
				LR0017AAAAAAAAAAAAAAAA /* super8.cube */,
				LR0039AAAAAAAAAAAAAAAA /* throwback.cube */,
				LR0025AAAAAAAAAAAAAAAA /* vhs.cube */,
			);
			path = "Resources/LUTs";
			sourceTree = "<group>";
		};
/* End PBXGroup section */

/* Begin PBXNativeTarget section */
		66DA4D655FC8BF4BD2AFADBE /* Fotico */ = {
			isa = PBXNativeTarget;
			buildConfigurationList = DDE8C013BA0202B42DBAB6CC /* Build configuration list for PBXNativeTarget "Fotico" */;
			buildPhases = (
				9E002F13197C0F3677B7EAC6 /* Sources */,
				A5BE4674F23BB45B5998D722 /* Frameworks */,
				98CB0C473944BAE786349898 /* Resources */,
			);
			buildRules = (
			);
			dependencies = (
			);
			name = Fotico;
			productName = Fotico;
			productReference = B287D1FD97A4514851E0168C /* Fotico.app */;
			productType = "com.apple.product-type.application";
		};
/* End PBXNativeTarget section */

/* Begin PBXProject section */
		C67AAB4B4C35C47A9C28273E /* Project object */ = {
			isa = PBXProject;
			attributes = {
				BuildIndependentTargetsInParallel = YES;
				LastUpgradeCheck = 2620;
			};
			buildConfigurationList = 05885287C42B819CD761477D /* Build configuration list for PBXProject "Fotico" */;
			compatibilityVersion = "Xcode 14.0";
			developmentRegion = en;
			hasScannedForEncodings = 0;
			knownRegions = (
				en,
				Base,
			);
			mainGroup = A19CE42FF9714F640FF6D9B2;
			productRefGroup = 66778FC70BD838AD14488BF8 /* Products */;
			projectDirPath = "";
			projectRoot = "";
			targets = (
				66DA4D655FC8BF4BD2AFADBE /* Fotico */,
			);
		};
/* End PBXProject section */

/* Begin PBXResourcesBuildPhase section */
		98CB0C473944BAE786349898 /* Resources */ = {
			isa = PBXResourcesBuildPhase;
			buildActionMask = 2147483647;
			files = (
				D9F4877CD35FF4299EDBAA4A /* Assets.xcassets in Resources */,
				LB0012BBBBBBBBBBBBBBBB /* algodon.cube in Resources */,
				LB0030BBBBBBBBBBBBBBBB /* blush.cube in Resources */,
				LB0013BBBBBBBBBBBBBBBB /* brisa.cube in Resources */,
				LB0031BBBBBBBBBBBBBBBB /* butter.cube in Resources */,
				LB0002BBBBBBBBBBBBBBBB /* canela.cube in Resources */,
				LB0026BBBBBBBBBBBBBBBB /* carbon.cube in Resources */,
				LB0032BBBBBBBBBBBBBBBB /* cloud.cube in Resources */,
				LB0033BBBBBBBBBBBBBBBB /* cocoa.cube in Resources */,
				LB0034BBBBBBBBBBBBBBBB /* disposable.cube in Resources */,
				LB0000BBBBBBBBBBBBBBBB /* dorado.cube in Resources */,
				LB0015BBBBBBBBBBBBBBBB /* fuji_400h.cube in Resources */,
				LB0035BBBBBBBBBBBBBBBB /* goldie.cube in Resources */,
				LB0020BBBBBBBBBBBBBBBB /* glam.cube in Resources */,
				LB0036BBBBBBBBBBBBBBBB /* honey.cube in Resources */,
				LB0014BBBBBBBBBBBBBBBB /* kodak_gold.cube in Resources */,
				LB0037BBBBBBBBBBBBBBBB /* latte.cube in Resources */,
				LB0022BBBBBBBBBBBBBBBB /* nostalgia.cube in Resources */,
				LB0011BBBBBBBBBBBBBBBB /* nube.cube in Resources */,
				LB0038BBBBBBBBBBBBBBBB /* peach.cube in Resources */,
				LB0010BBBBBBBBBBBBBBBB /* petalo.cube in Resources */,
				LB0016BBBBBBBBBBBBBBBB /* polaroid.cube in Resources */,
				LB0028BBBBBBBBBBBBBBBB /* portra.cube in Resources */,
				LB0027BBBBBBBBBBBBBBBB /* seda.cube in Resources */,
				LB0017BBBBBBBBBBBBBBBB /* super8.cube in Resources */,
				LB0039BBBBBBBBBBBBBBBB /* throwback.cube in Resources */,
				LB0025BBBBBBBBBBBBBBBB /* vhs.cube in Resources */,
			);
			runOnlyForDeploymentPostprocessing = 0;
		};
/* End PBXResourcesBuildPhase section */

/* Begin PBXSourcesBuildPhase section */
		9E002F13197C0F3677B7EAC6 /* Sources */ = {
			isa = PBXSourcesBuildPhase;
			buildActionMask = 2147483647;
			files = (
				D210E3E55BB8571E9A17BB4D /* FoticoApp.swift in Sources */,
				F3D6E43451011130F2B024ED /* EditState.swift in Sources */,
				67598F686BBA39C3675C7309 /* EffectType.swift in Sources */,
				29BC25AF7446B8810F7B31C1 /* FilterPreset.swift in Sources */,
				F55FF2C77EA92AFD33724ED8 /* ImageFilterService.swift in Sources */,
				E804466147F1D1CBE7A14E92 /* MetalKernelService.swift in Sources */,
				13BCE6A1B057362A71D9047E /* PhotoLibraryService.swift in Sources */,
				342D5194508073E6699F4062 /* ColorExtension.swift in Sources */,
				E9242C63150F2D94A87C3DF3 /* DebounceModifier.swift in Sources */,
				F56657F9BE138D29001162C4 /* HapticManager.swift in Sources */,
				E5DDC17F8E58FA3F654113EC /* ImageExtensions.swift in Sources */,
				A3612E3E1D70C965DF59CDF2 /* PhotoEditorViewModel.swift in Sources */,
				8069BD72C3F990DB2BD0F690 /* AdjustmentPanelView.swift in Sources */,
				CEE5B94F7E147A1A0A5E2001 /* CropView.swift in Sources */,
				9C1B5E31AA8CDF35E65C730D /* EffectsPanelView.swift in Sources */,
				3F62CA28C541DCAEC8698A52 /* ExportSheet.swift in Sources */,
				2B7E9B06F6EE87AFF17A2197 /* ImagePreviewView.swift in Sources */,
				0E5718C0807E06F67CA5CCB0 /* PresetGridView.swift in Sources */,
				D09E69FA2103D4E1E57CCC13 /* ToolBarView.swift in Sources */,
				C4B0898695F49241A3ED00B8 /* MainEditorView.swift in Sources */,
				4DB1DF7A6F41D38DCF26EC89 /* BloomShader.metal in Sources */,
				D039B9434B85F691608582BC /* GrainShader.metal in Sources */,
				D38AC5EB13F1A7637DBEA3BA /* LightLeakShader.metal in Sources */,
				858CD9935ED3458DF35DBC3D /* CameraService.swift in Sources */,
				E358AC8A1AE458B80230507D /* CameraViewModel.swift in Sources */,
				F537B69E8A7220763FB3EBFF /* CameraView.swift in Sources */,
				987C3D52488B5A6C68C936C5 /* CaptureButtonView.swift in Sources */,
/* CameraPresetStripView removed from build */
				CC3344556677889900112233 /* RenderEngine.swift in Sources */,
				DD4455667788990011223344 /* MetalImageView.swift in Sources */,
				946C800D895BCDBB08A2F1B9 /* UserProfile.swift in Sources */,
				629CEB9CA2A6D419B03B1E27 /* PhotoProject.swift in Sources */,
				0BFF22DCBB6322A98E9724D5 /* SavedEdit.swift in Sources */,
				630CE8F20C1EB13F5445AEAF /* OverlayAsset.swift in Sources */,
				3B8E62D1A9C0F74589ABCDEF /* LUTService.swift in Sources */,
				AA11BB22CC33DD44EE55FF66 /* HomeTabView.swift in Sources */,
				BB22CC33DD44EE55FF660011 /* CameraLaunchView.swift in Sources */,
				CC33DD44EE55FF66001122AA /* ProjectsGridView.swift in Sources */,
				DD44EE55FF6600112233AABB /* ProfileView.swift in Sources */,
				EE66FF00112233AABB44CC55 /* PremiumBadge.swift in Sources */,
				B2C3D4E5F6071819AABBCCDD /* ProjectStorageService.swift in Sources */,
				D4E5F6071819AABBCCDDEEFF /* ProjectsViewModel.swift in Sources */,
				F1A2B3C4D5E6071800000001 /* AuthService.swift in Sources */,
				F1A2B3C4D5E6071800000003 /* LoginView.swift in Sources */,
				A0B1C2D3E4F5061728394A5B /* OverlayPanelView.swift in Sources */,
				AA00BB11CC22DD33EE44FF55 /* SubscriptionService.swift in Sources */,
				BB11CC22DD33EE44FF550066 /* PaywallView.swift in Sources */,
				CC22DD33EE44FF5500661177 /* EditClipboard.swift in Sources */,
				DD33EE44FF550066117722AA /* OnboardingView.swift in Sources */,
			);
			runOnlyForDeploymentPostprocessing = 0;
		};
/* End PBXSourcesBuildPhase section */

/* Begin XCBuildConfiguration section */
		2AA1B829C6460DA1118BC949 /* Release */ = {
			isa = XCBuildConfiguration;
			buildSettings = {
				ASSETCATALOG_COMPILER_APPICON_NAME = AppIcon;
				ASSETCATALOG_COMPILER_GLOBAL_ACCENT_COLOR_NAME = AccentColor;
				CODE_SIGN_STYLE = Automatic;
				CURRENT_PROJECT_VERSION = 1;
				GENERATE_INFOPLIST_FILE = YES;
				INFOPLIST_KEY_NSCameraUsageDescription = "Fotico necesita acceso a tu camara para tomar fotos con efectos vintage";
				INFOPLIST_KEY_NSPhotoLibraryAddUsageDescription = "Fotico necesita permiso para guardar fotos editadas en tu galeria";
				INFOPLIST_KEY_UIApplicationSceneManifest_Generation = YES;
				INFOPLIST_KEY_UIApplicationSupportsIndirectInputEvents = YES;
				INFOPLIST_KEY_UILaunchScreen_Generation = YES;
				INFOPLIST_KEY_UISupportedInterfaceOrientations_iPad = "UIInterfaceOrientationPortrait UIInterfaceOrientationPortraitUpsideDown UIInterfaceOrientationLandscapeLeft UIInterfaceOrientationLandscapeRight";
				INFOPLIST_KEY_UISupportedInterfaceOrientations_iPhone = "UIInterfaceOrientationPortrait UIInterfaceOrientationLandscapeLeft UIInterfaceOrientationLandscapeRight";
				LD_RUNPATH_SEARCH_PATHS = (
					"$(inherited)",
					"@executable_path/Frameworks",
				);
				MARKETING_VERSION = 1.0;
				PRODUCT_BUNDLE_IDENTIFIER = Personal.Fotico;
				PRODUCT_NAME = "$(TARGET_NAME)";
				SWIFT_EMIT_LOC_STRINGS = YES;
				SWIFT_VERSION = 5.0;
				TARGETED_DEVICE_FAMILY = "1,2";
			};
			name = Release;
		};
		BA5FB7C75D37C18EC3E6ABA9 /* Debug */ = {
			isa = XCBuildConfiguration;
			buildSettings = {
				ASSETCATALOG_COMPILER_APPICON_NAME = AppIcon;
				ASSETCATALOG_COMPILER_GLOBAL_ACCENT_COLOR_NAME = AccentColor;
				CODE_SIGN_STYLE = Automatic;
				CURRENT_PROJECT_VERSION = 1;
				GENERATE_INFOPLIST_FILE = YES;
				INFOPLIST_KEY_NSCameraUsageDescription = "Fotico necesita acceso a tu camara para tomar fotos con efectos vintage";
				INFOPLIST_KEY_NSPhotoLibraryAddUsageDescription = "Fotico necesita permiso para guardar fotos editadas en tu galeria";
				INFOPLIST_KEY_UIApplicationSceneManifest_Generation = YES;
				INFOPLIST_KEY_UIApplicationSupportsIndirectInputEvents = YES;
				INFOPLIST_KEY_UILaunchScreen_Generation = YES;
				INFOPLIST_KEY_UISupportedInterfaceOrientations_iPad = "UIInterfaceOrientationPortrait UIInterfaceOrientationPortraitUpsideDown UIInterfaceOrientationLandscapeLeft UIInterfaceOrientationLandscapeRight";
				INFOPLIST_KEY_UISupportedInterfaceOrientations_iPhone = "UIInterfaceOrientationPortrait UIInterfaceOrientationLandscapeLeft UIInterfaceOrientationLandscapeRight";
				LD_RUNPATH_SEARCH_PATHS = (
					"$(inherited)",
					"@executable_path/Frameworks",
				);
				MARKETING_VERSION = 1.0;
				PRODUCT_BUNDLE_IDENTIFIER = Personal.Fotico;
				PRODUCT_NAME = "$(TARGET_NAME)";
				SWIFT_EMIT_LOC_STRINGS = YES;
				SWIFT_VERSION = 5.0;
				TARGETED_DEVICE_FAMILY = "1,2";
			};
			name = Debug;
		};
		C1BEFC337BC401372281B0A2 /* Debug */ = {
			isa = XCBuildConfiguration;
			buildSettings = {
				ALWAYS_SEARCH_USER_PATHS = NO;
				ASSETCATALOG_COMPILER_GENERATE_SWIFT_ASSET_SYMBOL_EXTENSIONS = YES;
				ASSTCOMPILER_EXTRA_FLAGS = "";
				CLANG_ANALYZER_NONNULL = YES;
				CLANG_ANALYZER_NUMBER_OBJECT_CONVERSION = YES_AGGRESSIVE;
				CLANG_CXX_LANGUAGE_STANDARD = "gnu++20";
				CLANG_ENABLE_MODULES = YES;
				CLANG_ENABLE_OBJC_ARC = YES;
				CLANG_ENABLE_OBJC_WEAK = YES;
				CLANG_WARN_BLOCK_CAPTURE_AUTORELEASING = YES;
				CLANG_WARN_BOOL_CONVERSION = YES;
				CLANG_WARN_COMMA = YES;
				CLANG_WARN_CONSTANT_CONVERSION = YES;
				CLANG_WARN_DEPRECATED_OBJC_IMPLEMENTATIONS = YES;
				CLANG_WARN_DIRECT_OBJC_ISA_USAGE = YES_ERROR;
				CLANG_WARN_DOCUMENTATION_COMMENTS = YES;
				CLANG_WARN_EMPTY_BODY = YES;
				CLANG_WARN_ENUM_CONVERSION = YES;
				CLANG_WARN_INFINITE_RECURSION = YES;
				CLANG_WARN_INT_CONVERSION = YES;
				CLANG_WARN_NON_LITERAL_NULL_CONVERSION = YES;
				CLANG_WARN_OBJC_IMPLICIT_RETAIN_SELF = YES;
				CLANG_WARN_OBJC_LITERAL_CONVERSION = YES;
				CLANG_WARN_OBJC_ROOT_CLASS = YES_ERROR;
				CLANG_WARN_QUOTED_INCLUDE_IN_FRAMEWORK_HEADER = YES;
				CLANG_WARN_RANGE_LOOP_ANALYSIS = YES;
				CLANG_WARN_STRICT_PROTOTYPES = YES;
				CLANG_WARN_SUSPICIOUS_MOVE = YES;
				CLANG_WARN_UNGUARDED_AVAILABILITY = YES_AGGRESSIVE;
				CLANG_WARN_UNREACHABLE_CODE = YES;
				CLANG_WARN__DUPLICATE_METHOD_MATCH = YES;
				COPY_PHASE_STRIP = NO;
				DEBUG_INFORMATION_FORMAT = dwarf;
				DEVELOPMENT_TEAM = AK3954QSLB;
				ENABLE_STRICT_OBJC_MSGSEND = YES;
				ENABLE_TESTABILITY = YES;
				ENABLE_USER_SCRIPT_SANDBOXING = YES;
				GCC_C_LANGUAGE_STANDARD = gnu17;
				GCC_DYNAMIC_NO_PIC = NO;
				GCC_NO_COMMON_BLOCKS = YES;
				GCC_OPTIMIZATION_LEVEL = 0;
				GCC_PREPROCESSOR_DEFINITIONS = (
					"DEBUG=1",
					"$(inherited)",
				);
				GCC_WARN_64_TO_32_BIT_CONVERSION = YES;
				GCC_WARN_ABOUT_RETURN_TYPE = YES_ERROR;
				GCC_WARN_UNDECLARED_SELECTOR = YES;
				GCC_WARN_UNINITIALIZED_AUTOS = YES_AGGRESSIVE;
				GCC_WARN_UNUSED_FUNCTION = YES;
				GCC_WARN_UNUSED_VARIABLE = YES;
				IPHONEOS_DEPLOYMENT_TARGET = 17.0;
				LOCALIZATION_PREFERS_STRING_CATALOGS = YES;
				MTL_ENABLE_DEBUG_INFO = INCLUDE_SOURCE;
				MTL_FAST_MATH = YES;
				ONLY_ACTIVE_ARCH = YES;
				SDKROOT = iphoneos;
				STRING_CATALOG_GENERATE_SYMBOLS = YES;
				SWIFT_ACTIVE_COMPILATION_CONDITIONS = "$(inherited) DEBUG";
				SWIFT_OPTIMIZATION_LEVEL = "-Onone";
				SWIFT_STRICT_CONCURRENCY = complete;
			};
			name = Debug;
		};
		D843D426102779C7450E6644 /* Release */ = {
			isa = XCBuildConfiguration;
			buildSettings = {
				ALWAYS_SEARCH_USER_PATHS = NO;
				ASSETCATALOG_COMPILER_GENERATE_SWIFT_ASSET_SYMBOL_EXTENSIONS = YES;
				ASSTCOMPILER_EXTRA_FLAGS = "";
				CLANG_ANALYZER_NONNULL = YES;
				CLANG_ANALYZER_NUMBER_OBJECT_CONVERSION = YES_AGGRESSIVE;
				CLANG_CXX_LANGUAGE_STANDARD = "gnu++20";
				CLANG_ENABLE_MODULES = YES;
				CLANG_ENABLE_OBJC_ARC = YES;
				CLANG_ENABLE_OBJC_WEAK = YES;
				CLANG_WARN_BLOCK_CAPTURE_AUTORELEASING = YES;
				CLANG_WARN_BOOL_CONVERSION = YES;
				CLANG_WARN_COMMA = YES;
				CLANG_WARN_CONSTANT_CONVERSION = YES;
				CLANG_WARN_DEPRECATED_OBJC_IMPLEMENTATIONS = YES;
				CLANG_WARN_DIRECT_OBJC_ISA_USAGE = YES_ERROR;
				CLANG_WARN_DOCUMENTATION_COMMENTS = YES;
				CLANG_WARN_EMPTY_BODY = YES;
				CLANG_WARN_ENUM_CONVERSION = YES;
				CLANG_WARN_INFINITE_RECURSION = YES;
				CLANG_WARN_INT_CONVERSION = YES;
				CLANG_WARN_NON_LITERAL_NULL_CONVERSION = YES;
				CLANG_WARN_OBJC_IMPLICIT_RETAIN_SELF = YES;
				CLANG_WARN_OBJC_LITERAL_CONVERSION = YES;
				CLANG_WARN_OBJC_ROOT_CLASS = YES_ERROR;
				CLANG_WARN_QUOTED_INCLUDE_IN_FRAMEWORK_HEADER = YES;
				CLANG_WARN_RANGE_LOOP_ANALYSIS = YES;
				CLANG_WARN_STRICT_PROTOTYPES = YES;
				CLANG_WARN_SUSPICIOUS_MOVE = YES;
				CLANG_WARN_UNGUARDED_AVAILABILITY = YES_AGGRESSIVE;
				CLANG_WARN_UNREACHABLE_CODE = YES;
				CLANG_WARN__DUPLICATE_METHOD_MATCH = YES;
				COPY_PHASE_STRIP = NO;
				DEBUG_INFORMATION_FORMAT = "dwarf-with-dsym";
				DEVELOPMENT_TEAM = AK3954QSLB;
				ENABLE_NS_ASSERTIONS = NO;
				ENABLE_STRICT_OBJC_MSGSEND = YES;
				ENABLE_USER_SCRIPT_SANDBOXING = YES;
				GCC_C_LANGUAGE_STANDARD = gnu17;
				GCC_NO_COMMON_BLOCKS = YES;
				GCC_WARN_64_TO_32_BIT_CONVERSION = YES;
				GCC_WARN_ABOUT_RETURN_TYPE = YES_ERROR;
				GCC_WARN_UNDECLARED_SELECTOR = YES;
				GCC_WARN_UNINITIALIZED_AUTOS = YES_AGGRESSIVE;
				GCC_WARN_UNUSED_FUNCTION = YES;
				GCC_WARN_UNUSED_VARIABLE = YES;
				IPHONEOS_DEPLOYMENT_TARGET = 17.0;
				LOCALIZATION_PREFERS_STRING_CATALOGS = YES;
				MTL_ENABLE_DEBUG_INFO = NO;
				MTL_FAST_MATH = YES;
				SDKROOT = iphoneos;
				STRING_CATALOG_GENERATE_SYMBOLS = YES;
				SWIFT_COMPILATION_MODE = wholemodule;
				SWIFT_STRICT_CONCURRENCY = complete;
				VALIDATE_PRODUCT = YES;
			};
			name = Release;
		};
/* End XCBuildConfiguration section */

/* Begin XCConfigurationList section */
		05885287C42B819CD761477D /* Build configuration list for PBXProject "Fotico" */ = {
			isa = XCConfigurationList;
			buildConfigurations = (
				C1BEFC337BC401372281B0A2 /* Debug */,
				D843D426102779C7450E6644 /* Release */,
			);
			defaultConfigurationIsVisible = 0;
			defaultConfigurationName = Release;
		};
		DDE8C013BA0202B42DBAB6CC /* Build configuration list for PBXNativeTarget "Fotico" */ = {
			isa = XCConfigurationList;
			buildConfigurations = (
				BA5FB7C75D37C18EC3E6ABA9 /* Debug */,
				2AA1B829C6460DA1118BC949 /* Release */,
			);
			defaultConfigurationIsVisible = 0;
			defaultConfigurationName = Release;
		};
/* End XCConfigurationList section */
	};
	rootObject = C67AAB4B4C35C47A9C28273E /* Project object */;
}
